<?xml version="1.0" encoding="utf-8"?>
<Project ToolsVersion="4.0" xmlns="http://schemas.microsoft.com/developer/msbuild/2003">
  <ItemGroup>
    <ClCompile Include="dllmain.cpp" />
    <ClCompile Include="load_libs.cpp" />
    <ClCompile Include="stdafx.cpp" />
    <ClCompile Include="tinystr.cpp">
      <Filter>xml</Filter>
    </ClCompile>
    <ClCompile Include="tinyxml.cpp">
      <Filter>xml</Filter>
    </ClCompile>
    <ClCompile Include="tinyxmlerror.cpp">
      <Filter>xml</Filter>
    </ClCompile>
    <ClCompile Include="tinyxmlparser.cpp">
      <Filter>xml</Filter>
    </ClCompile>
    <ClCompile Include="third_class_info.cpp" />
    <ClCompile Include="json_config.cpp" />
  </ItemGroup>
  <ItemGroup>
    <ClInclude Include="stdafx.h" />
    <ClInclude Include="targetver.h" />
    <ClInclude Include="tinystr.h">
      <Filter>xml</Filter>
    </ClInclude>
    <ClInclude Include="tinyxml.h">
      <Filter>xml</Filter>
    </ClInclude>
    <ClInclude Include="third_class_info.h" />
    <ClInclude Include="json_config.h" />
    <ClInclude Include="def.h" />
  </ItemGroup>
  <ItemGroup>
    <None Include="exports.def" />
  </ItemGroup>
  <ItemGroup>
    <Filter Include="xml">
      <UniqueIdentifier>{9f92e333-5f04-4fa3-ada2-1dbc13b633f2}</UniqueIdentifier>
    </Filter>
  </ItemGroup>
</Project>